
Microsoft Visual Studio Solution File, Format Version 12.00
# Visual Studio Version 17
VisualStudioVersion = 17.13.35931.197 d17.13
MinimumVisualStudioVersion = 10.0.40219.1
Project("{FAE04EC0-301F-11D3-BF4B-00C04F79EFBC}") = "programa que permita digitar 10 numeros", "programa que permita digitar 10 numeros\programa que permita digitar 10 numeros.csproj", "{B960C5F8-0CEF-4A06-9F17-7CAB15555A2D}"
EndProject
Global
	GlobalSection(SolutionConfigurationPlatforms) = preSolution
		Debug|Any CPU = Debug|Any CPU
		Release|Any CPU = Release|Any CPU
	EndGlobalSection
	GlobalSection(ProjectConfigurationPlatforms) = postSolution
		{B960C5F8-0CEF-4A06-9F17-7CAB15555A2D}.Debug|Any CPU.ActiveCfg = Debug|Any CPU
		{B960C5F8-0CEF-4A06-9F17-7CAB15555A2D}.Debug|Any CPU.Build.0 = Debug|Any CPU
		{B960C5F8-0CEF-4A06-9F17-7CAB15555A2D}.Release|Any CPU.ActiveCfg = Release|Any CPU
		{B960C5F8-0CEF-4A06-9F17-7CAB15555A2D}.Release|Any CPU.Build.0 = Release|Any CPU
	EndGlobalSection
	GlobalSection(SolutionProperties) = preSolution
		HideSolutionNode = FALSE
	EndGlobalSection
	GlobalSection(ExtensibilityGlobals) = postSolution
		SolutionGuid = {20EE1C6A-E3B8-44F9-9545-858830A4CCCD}
	EndGlobalSection
EndGlobal
